
Microsoft Visual Studio Solution File, Format Version 12.00
# Visual Studio Version 16
VisualStudioVersion = 16.0.29519.181
MinimumVisualStudioVersion = 10.0.40219.1
Project("{FAE04EC0-301F-11D3-BF4B-00C04F79EFBC}") = "Generator9x9_WF", "Generator9x9_WF\Generator9x9_WF.csproj", "{6CCCB0C6-FFD3-406D-9A76-66229A6BC078}"
EndProject
Global
	GlobalSection(SolutionConfigurationPlatforms) = preSolution
		Debug|Any CPU = Debug|Any CPU
		Release|Any CPU = Release|Any CPU
	EndGlobalSection
	GlobalSection(ProjectConfigurationPlatforms) = postSolution
		{6CCCB0C6-FFD3-406D-9A76-66229A6BC078}.Debug|Any CPU.ActiveCfg = Debug|Any CPU
		{6CCCB0C6-FFD3-406D-9A76-66229A6BC078}.Debug|Any CPU.Build.0 = Debug|Any CPU
		{6CCCB0C6-FFD3-406D-9A76-66229A6BC078}.Release|Any CPU.ActiveCfg = Release|Any CPU
		{6CCCB0C6-FFD3-406D-9A76-66229A6BC078}.Release|Any CPU.Build.0 = Release|Any CPU
	EndGlobalSection
	GlobalSection(SolutionProperties) = preSolution
		HideSolutionNode = FALSE
	EndGlobalSection
	GlobalSection(ExtensibilityGlobals) = postSolution
		SolutionGuid = {4CAC4EF4-9345-419C-8DC4-12F479CDD9D4}
	EndGlobalSection
EndGlobal
